
Microsoft Visual Studio Solution File, Format Version 12.00
# Visual Studio 15
VisualStudioVersion = 15.0.26124.0
MinimumVisualStudioVersion = 15.0.26124.0
Project("{FAE04EC0-301F-11D3-BF4B-00C04F79EFBC}") = "Client", "Client\Client.csproj", "{26A5E663-B9EA-404F-81D3-44E7730FE224}"
EndProject
Project("{FAE04EC0-301F-11D3-BF4B-00C04F79EFBC}") = "Server", "Server\Server.csproj", "{67BEEB01-7407-4D5D-A9A4-824F508B3AFE}"
EndProject
Project("{FAE04EC0-301F-11D3-BF4B-00C04F79EFBC}") = "EventBus", "EventBus\EventBus\EventBus.csproj", "{454AB117-685B-4802-80CF-3549B5E9CD75}"
EndProject
Project("{2150E333-8FDC-42A3-9474-1A3956D46DE8}") = "EventBus", "EventBus", "{8EE42A0B-C330-4FE0-BD19-30A1EDDA54B9}"
EndProject
Project("{FAE04EC0-301F-11D3-BF4B-00C04F79EFBC}") = "EventBusRabbitMQ", "EventBus\EventBusRabbitMQ\EventBusRabbitMQ.csproj", "{9AF514DF-350F-45B8-B91C-331B557E7AF3}"
EndProject
Global
	GlobalSection(SolutionConfigurationPlatforms) = preSolution
		Debug|Any CPU = Debug|Any CPU
		Debug|x64 = Debug|x64
		Debug|x86 = Debug|x86
		Release|Any CPU = Release|Any CPU
		Release|x64 = Release|x64
		Release|x86 = Release|x86
	EndGlobalSection
	GlobalSection(SolutionProperties) = preSolution
		HideSolutionNode = FALSE
	EndGlobalSection
	GlobalSection(ProjectConfigurationPlatforms) = postSolution
		{26A5E663-B9EA-404F-81D3-44E7730FE224}.Debug|Any CPU.ActiveCfg = Debug|Any CPU
		{26A5E663-B9EA-404F-81D3-44E7730FE224}.Debug|Any CPU.Build.0 = Debug|Any CPU
		{26A5E663-B9EA-404F-81D3-44E7730FE224}.Debug|x64.ActiveCfg = Debug|Any CPU
		{26A5E663-B9EA-404F-81D3-44E7730FE224}.Debug|x64.Build.0 = Debug|Any CPU
		{26A5E663-B9EA-404F-81D3-44E7730FE224}.Debug|x86.ActiveCfg = Debug|Any CPU
		{26A5E663-B9EA-404F-81D3-44E7730FE224}.Debug|x86.Build.0 = Debug|Any CPU
		{26A5E663-B9EA-404F-81D3-44E7730FE224}.Release|Any CPU.ActiveCfg = Release|Any CPU
		{26A5E663-B9EA-404F-81D3-44E7730FE224}.Release|Any CPU.Build.0 = Release|Any CPU
		{26A5E663-B9EA-404F-81D3-44E7730FE224}.Release|x64.ActiveCfg = Release|Any CPU
		{26A5E663-B9EA-404F-81D3-44E7730FE224}.Release|x64.Build.0 = Release|Any CPU
		{26A5E663-B9EA-404F-81D3-44E7730FE224}.Release|x86.ActiveCfg = Release|Any CPU
		{26A5E663-B9EA-404F-81D3-44E7730FE224}.Release|x86.Build.0 = Release|Any CPU
		{67BEEB01-7407-4D5D-A9A4-824F508B3AFE}.Debug|Any CPU.ActiveCfg = Debug|Any CPU
		{67BEEB01-7407-4D5D-A9A4-824F508B3AFE}.Debug|Any CPU.Build.0 = Debug|Any CPU
		{67BEEB01-7407-4D5D-A9A4-824F508B3AFE}.Debug|x64.ActiveCfg = Debug|Any CPU
		{67BEEB01-7407-4D5D-A9A4-824F508B3AFE}.Debug|x64.Build.0 = Debug|Any CPU
		{67BEEB01-7407-4D5D-A9A4-824F508B3AFE}.Debug|x86.ActiveCfg = Debug|Any CPU
		{67BEEB01-7407-4D5D-A9A4-824F508B3AFE}.Debug|x86.Build.0 = Debug|Any CPU
		{67BEEB01-7407-4D5D-A9A4-824F508B3AFE}.Release|Any CPU.ActiveCfg = Release|Any CPU
		{67BEEB01-7407-4D5D-A9A4-824F508B3AFE}.Release|Any CPU.Build.0 = Release|Any CPU
		{67BEEB01-7407-4D5D-A9A4-824F508B3AFE}.Release|x64.ActiveCfg = Release|Any CPU
		{67BEEB01-7407-4D5D-A9A4-824F508B3AFE}.Release|x64.Build.0 = Release|Any CPU
		{67BEEB01-7407-4D5D-A9A4-824F508B3AFE}.Release|x86.ActiveCfg = Release|Any CPU
		{67BEEB01-7407-4D5D-A9A4-824F508B3AFE}.Release|x86.Build.0 = Release|Any CPU
		{454AB117-685B-4802-80CF-3549B5E9CD75}.Debug|Any CPU.ActiveCfg = Debug|Any CPU
		{454AB117-685B-4802-80CF-3549B5E9CD75}.Debug|Any CPU.Build.0 = Debug|Any CPU
		{454AB117-685B-4802-80CF-3549B5E9CD75}.Debug|x64.ActiveCfg = Debug|Any CPU
		{454AB117-685B-4802-80CF-3549B5E9CD75}.Debug|x64.Build.0 = Debug|Any CPU
		{454AB117-685B-4802-80CF-3549B5E9CD75}.Debug|x86.ActiveCfg = Debug|Any CPU
		{454AB117-685B-4802-80CF-3549B5E9CD75}.Debug|x86.Build.0 = Debug|Any CPU
		{454AB117-685B-4802-80CF-3549B5E9CD75}.Release|Any CPU.ActiveCfg = Release|Any CPU
		{454AB117-685B-4802-80CF-3549B5E9CD75}.Release|Any CPU.Build.0 = Release|Any CPU
		{454AB117-685B-4802-80CF-3549B5E9CD75}.Release|x64.ActiveCfg = Release|Any CPU
		{454AB117-685B-4802-80CF-3549B5E9CD75}.Release|x64.Build.0 = Release|Any CPU
		{454AB117-685B-4802-80CF-3549B5E9CD75}.Release|x86.ActiveCfg = Release|Any CPU
		{454AB117-685B-4802-80CF-3549B5E9CD75}.Release|x86.Build.0 = Release|Any CPU
		{9AF514DF-350F-45B8-B91C-331B557E7AF3}.Debug|Any CPU.ActiveCfg = Debug|Any CPU
		{9AF514DF-350F-45B8-B91C-331B557E7AF3}.Debug|Any CPU.Build.0 = Debug|Any CPU
		{9AF514DF-350F-45B8-B91C-331B557E7AF3}.Debug|x64.ActiveCfg = Debug|Any CPU
		{9AF514DF-350F-45B8-B91C-331B557E7AF3}.Debug|x64.Build.0 = Debug|Any CPU
		{9AF514DF-350F-45B8-B91C-331B557E7AF3}.Debug|x86.ActiveCfg = Debug|Any CPU
		{9AF514DF-350F-45B8-B91C-331B557E7AF3}.Debug|x86.Build.0 = Debug|Any CPU
		{9AF514DF-350F-45B8-B91C-331B557E7AF3}.Release|Any CPU.ActiveCfg = Release|Any CPU
		{9AF514DF-350F-45B8-B91C-331B557E7AF3}.Release|Any CPU.Build.0 = Release|Any CPU
		{9AF514DF-350F-45B8-B91C-331B557E7AF3}.Release|x64.ActiveCfg = Release|Any CPU
		{9AF514DF-350F-45B8-B91C-331B557E7AF3}.Release|x64.Build.0 = Release|Any CPU
		{9AF514DF-350F-45B8-B91C-331B557E7AF3}.Release|x86.ActiveCfg = Release|Any CPU
		{9AF514DF-350F-45B8-B91C-331B557E7AF3}.Release|x86.Build.0 = Release|Any CPU
	EndGlobalSection
	GlobalSection(NestedProjects) = preSolution
		{454AB117-685B-4802-80CF-3549B5E9CD75} = {8EE42A0B-C330-4FE0-BD19-30A1EDDA54B9}
		{9AF514DF-350F-45B8-B91C-331B557E7AF3} = {8EE42A0B-C330-4FE0-BD19-30A1EDDA54B9}
	EndGlobalSection
EndGlobal
